
Microsoft Visual Studio Solution File, Format Version 12.00
# Visual Studio Version 17
VisualStudioVersion = 17.4.33403.182
MinimumVisualStudioVersion = 10.0.40219.1
Project("{FAE04EC0-301F-11D3-BF4B-00C04F79EFBC}") = "Design Patterns", "Design Patterns.csproj", "{BA49449C-6E83-417D-9C37-D517E6902A9F}"
EndProject
Global
	GlobalSection(SolutionConfigurationPlatforms) = preSolution
		Debug|Any CPU = Debug|Any CPU
		Release|Any CPU = Release|Any CPU
	EndGlobalSection
	GlobalSection(ProjectConfigurationPlatforms) = postSolution
		{BA49449C-6E83-417D-9C37-D517E6902A9F}.Debug|Any CPU.ActiveCfg = Debug|Any CPU
		{BA49449C-6E83-417D-9C37-D517E6902A9F}.Debug|Any CPU.Build.0 = Debug|Any CPU
		{BA49449C-6E83-417D-9C37-D517E6902A9F}.Release|Any CPU.ActiveCfg = Release|Any CPU
		{BA49449C-6E83-417D-9C37-D517E6902A9F}.Release|Any CPU.Build.0 = Release|Any CPU
	EndGlobalSection
	GlobalSection(SolutionProperties) = preSolution
		HideSolutionNode = FALSE
	EndGlobalSection
	GlobalSection(ExtensibilityGlobals) = postSolution
		SolutionGuid = {30FA9CB4-49FB-471C-9E44-BF62D780395A}
	EndGlobalSection
EndGlobal
